// !$*UTF8*$!
{
	archiveVersion = 1;
	classes = {
	};
	objectVersion = 48;
	objects = {

/* Begin PBXBuildFile section */
		DA4F09C61F965B8B00AAE279 /* menu.xcassets in Resources */ = {isa = PBXBuildFile; fileRef = DA4F09C51F965B8B00AAE279 /* menu.xcassets */; };
		DA65ECD41F95E68700720673 /* README.md in Resources */ = {isa = PBXBuildFile; fileRef = DA65EC531F95E68600720673 /* README.md */; };
		DA65ECD51F95E68700720673 /* LaunchScreen.storyboard in Resources */ = {isa = PBXBuildFile; fileRef = DA65EC551F95E68600720673 /* LaunchScreen.storyboard */; };
		DA65ECD61F95E68700720673 /* spinner.xcassets in Resources */ = {isa = PBXBuildFile; fileRef = DA65EC561F95E68600720673 /* spinner.xcassets */; };
		DA65ECD71F95E68700720673 /* LocalizableModel.strings in Resources */ = {isa = PBXBuildFile; fileRef = DA65EC581F95E68600720673 /* LocalizableModel.strings */; };
		DA65ECD81F95E68700720673 /* infoPlist.strings in Resources */ = {isa = PBXBuildFile; fileRef = DA65EC5A1F95E68600720673 /* infoPlist.strings */; };
		DA65ECD91F95E68700720673 /* LocalizableView.strings in Resources */ = {isa = PBXBuildFile; fileRef = DA65EC5C1F95E68600720673 /* LocalizableView.strings */; };
		DA65ECDA1F95E68700720673 /* LocalizableController.strings in Resources */ = {isa = PBXBuildFile; fileRef = DA65EC5E1F95E68600720673 /* LocalizableController.strings */; };
		DA65ECDB1F95E68700720673 /* DatabaseFactory.swift in Sources */ = {isa = PBXBuildFile; fileRef = DA65EC631F95E68600720673 /* DatabaseFactory.swift */; };
		DA65ECDC1F95E68700720673 /* Database.swift in Sources */ = {isa = PBXBuildFile; fileRef = DA65EC641F95E68600720673 /* Database.swift */; };
		DA65ECDD1F95E68700720673 /* ExtensionDictionary.swift in Sources */ = {isa = PBXBuildFile; fileRef = DA65EC681F95E68600720673 /* ExtensionDictionary.swift */; };
		DA65ECDE1F95E68700720673 /* ExtensionNotification.swift in Sources */ = {isa = PBXBuildFile; fileRef = DA65EC691F95E68600720673 /* ExtensionNotification.swift */; };
		DA65ECDF1F95E68700720673 /* ExtensionUIColor.swift in Sources */ = {isa = PBXBuildFile; fileRef = DA65EC6A1F95E68600720673 /* ExtensionUIColor.swift */; };
		DA65ECE01F95E68700720673 /* ExtensionCGImage.swift in Sources */ = {isa = PBXBuildFile; fileRef = DA65EC6B1F95E68600720673 /* ExtensionCGImage.swift */; };
		DA65ECE11F95E68700720673 /* ExtensionFileManager.swift in Sources */ = {isa = PBXBuildFile; fileRef = DA65EC6C1F95E68600720673 /* ExtensionFileManager.swift */; };
		DA65ECE21F95E68700720673 /* ExtensionURLResponse.swift in Sources */ = {isa = PBXBuildFile; fileRef = DA65EC6D1F95E68600720673 /* ExtensionURLResponse.swift */; };
		DA65ECE31F95E68700720673 /* ExtensionNSLayoutConstraint.swift in Sources */ = {isa = PBXBuildFile; fileRef = DA65EC6E1F95E68600720673 /* ExtensionNSLayoutConstraint.swift */; };
		DA65ECE41F95E68700720673 /* ExtensionUIFont.swift in Sources */ = {isa = PBXBuildFile; fileRef = DA65EC6F1F95E68600720673 /* ExtensionUIFont.swift */; };
		DA65ECE51F95E68700720673 /* ExtensionData.swift in Sources */ = {isa = PBXBuildFile; fileRef = DA65EC701F95E68600720673 /* ExtensionData.swift */; };
		DA65ECE61F95E68700720673 /* ExtensionNSManagedObject.swift in Sources */ = {isa = PBXBuildFile; fileRef = DA65EC711F95E68600720673 /* ExtensionNSManagedObject.swift */; };
		DA65ECE71F95E68700720673 /* ExtensionString.swift in Sources */ = {isa = PBXBuildFile; fileRef = DA65EC721F95E68600720673 /* ExtensionString.swift */; };
		DA65ECE81F95E68700720673 /* ExtensionUICollectionReusableView.swift in Sources */ = {isa = PBXBuildFile; fileRef = DA65EC731F95E68600720673 /* ExtensionUICollectionReusableView.swift */; };
		DA65ECE91F95E68700720673 /* ExtensionURL.swift in Sources */ = {isa = PBXBuildFile; fileRef = DA65EC741F95E68600720673 /* ExtensionURL.swift */; };
		DA65ECEA1F95E68700720673 /* Controller.swift in Sources */ = {isa = PBXBuildFile; fileRef = DA65EC771F95E68600720673 /* Controller.swift */; };
		DA65ECEB1F95E68700720673 /* AppDelegate.swift in Sources */ = {isa = PBXBuildFile; fileRef = DA65EC781F95E68600720673 /* AppDelegate.swift */; };
		DA65ECEC1F95E68700720673 /* ControllerParentTransitions.swift in Sources */ = {isa = PBXBuildFile; fileRef = DA65EC791F95E68600720673 /* ControllerParentTransitions.swift */; };
		DA65ECED1F95E68700720673 /* ControllerParent.swift in Sources */ = {isa = PBXBuildFile; fileRef = DA65EC7A1F95E68600720673 /* ControllerParent.swift */; };
		DA65ECEE1F95E68700720673 /* ControllerParentOrientation.swift in Sources */ = {isa = PBXBuildFile; fileRef = DA65EC7B1F95E68600720673 /* ControllerParentOrientation.swift */; };
		DA65ECEF1F95E68700720673 /* ControllerParentMenu.swift in Sources */ = {isa = PBXBuildFile; fileRef = DA65EC7C1F95E68600720673 /* ControllerParentMenu.swift */; };
		DA65ECF01F95E68700720673 /* CHome.swift in Sources */ = {isa = PBXBuildFile; fileRef = DA65EC7E1F95E68600720673 /* CHome.swift */; };
		DA65ECF11F95E68700720673 /* Arch.swift in Sources */ = {isa = PBXBuildFile; fileRef = DA65EC801F95E68600720673 /* Arch.swift */; };
		DA65ECF21F95E68700720673 /* ArchHome.swift in Sources */ = {isa = PBXBuildFile; fileRef = DA65EC811F95E68600720673 /* ArchHome.swift */; };
		DA65ECF31F95E68700720673 /* Model.swift in Sources */ = {isa = PBXBuildFile; fileRef = DA65EC841F95E68700720673 /* Model.swift */; };
		DA65ECF41F95E68700720673 /* MHome.swift in Sources */ = {isa = PBXBuildFile; fileRef = DA65EC861F95E68700720673 /* MHome.swift */; };
		DA65ECF51F95E68700720673 /* MMenuItemHome.swift in Sources */ = {isa = PBXBuildFile; fileRef = DA65EC881F95E68700720673 /* MMenuItemHome.swift */; };
		DA65ECF61F95E68700720673 /* MMenuFactory.swift in Sources */ = {isa = PBXBuildFile; fileRef = DA65EC891F95E68700720673 /* MMenuFactory.swift */; };
		DA65ECF71F95E68700720673 /* MMenu.swift in Sources */ = {isa = PBXBuildFile; fileRef = DA65EC8A1F95E68700720673 /* MMenu.swift */; };
		DA65ECF81F95E68700720673 /* MMenuOrder.swift in Sources */ = {isa = PBXBuildFile; fileRef = DA65EC8B1F95E68700720673 /* MMenuOrder.swift */; };
		DA65ECF91F95E68700720673 /* MMenuItemProtocol.swift in Sources */ = {isa = PBXBuildFile; fileRef = DA65EC8C1F95E68700720673 /* MMenuItemProtocol.swift */; };
		DA65ECFA1F95E68700720673 /* View.swift in Sources */ = {isa = PBXBuildFile; fileRef = DA65EC901F95E68700720673 /* View.swift */; };
		DA65ECFB1F95E68700720673 /* ViewParent.swift in Sources */ = {isa = PBXBuildFile; fileRef = DA65EC911F95E68700720673 /* ViewParent.swift */; };
		DA65ECFC1F95E68700720673 /* ViewProtocol.swift in Sources */ = {isa = PBXBuildFile; fileRef = DA65EC921F95E68700720673 /* ViewProtocol.swift */; };
		DA65ECFD1F95E68700720673 /* ViewParentGesture.swift in Sources */ = {isa = PBXBuildFile; fileRef = DA65EC931F95E68700720673 /* ViewParentGesture.swift */; };
		DA65ECFE1F95E68700720673 /* ViewMain.swift in Sources */ = {isa = PBXBuildFile; fileRef = DA65EC941F95E68700720673 /* ViewMain.swift */; };
		DA65ECFF1F95E68700720673 /* ViewParentTransitions.swift in Sources */ = {isa = PBXBuildFile; fileRef = DA65EC951F95E68700720673 /* ViewParentTransitions.swift */; };
		DA65ED001F95E68700720673 /* VMenuCollection.swift in Sources */ = {isa = PBXBuildFile; fileRef = DA65EC971F95E68700720673 /* VMenuCollection.swift */; };
		DA65ED011F95E68700720673 /* VMenuCell.swift in Sources */ = {isa = PBXBuildFile; fileRef = DA65EC981F95E68700720673 /* VMenuCell.swift */; };
		DA65ED021F95E68700720673 /* VMenu.swift in Sources */ = {isa = PBXBuildFile; fileRef = DA65EC991F95E68700720673 /* VMenu.swift */; };
		DA65ED031F95E68700720673 /* VHome.swift in Sources */ = {isa = PBXBuildFile; fileRef = DA65EC9B1F95E68700720673 /* VHome.swift */; };
		DA65ED151F95E68700720673 /* VBorder.swift in Sources */ = {isa = PBXBuildFile; fileRef = DA65ECAF1F95E68700720673 /* VBorder.swift */; };
		DA65ED161F95E68700720673 /* VSpinner.swift in Sources */ = {isa = PBXBuildFile; fileRef = DA65ECB01F95E68700720673 /* VSpinner.swift */; };
		DA65ED171F95E68700720673 /* VGradient.swift in Sources */ = {isa = PBXBuildFile; fileRef = DA65ECB11F95E68700720673 /* VGradient.swift */; };
		DA65ED181F95E68700720673 /* VSliderBar.swift in Sources */ = {isa = PBXBuildFile; fileRef = DA65ECB21F95E68700720673 /* VSliderBar.swift */; };
		DA65ED191F95E68700720673 /* VSlider.swift in Sources */ = {isa = PBXBuildFile; fileRef = DA65ECB31F95E68700720673 /* VSlider.swift */; };
		DA65ED1A1F95E68700720673 /* VSliderGesture.swift in Sources */ = {isa = PBXBuildFile; fileRef = DA65ECB41F95E68700720673 /* VSliderGesture.swift */; };
		DA65ED1B1F95E68700720673 /* VBlur.swift in Sources */ = {isa = PBXBuildFile; fileRef = DA65ECB51F95E68700720673 /* VBlur.swift */; };
		DA65ED1C1F95E68700720673 /* VCollectionFlow.swift in Sources */ = {isa = PBXBuildFile; fileRef = DA65ECB61F95E68700720673 /* VCollectionFlow.swift */; };
		DA65ED1D1F95E68700720673 /* VPushBackground.swift in Sources */ = {isa = PBXBuildFile; fileRef = DA65ECB71F95E68700720673 /* VPushBackground.swift */; };
		DA65ED1E1F95E68700720673 /* VCollection.swift in Sources */ = {isa = PBXBuildFile; fileRef = DA65ECB81F95E68700720673 /* VCollection.swift */; };
		DA65ED1F1F95E68700720673 /* VAlert.swift in Sources */ = {isa = PBXBuildFile; fileRef = DA65ECB91F95E68700720673 /* VAlert.swift */; };
		DA65ED361F95E68700720673 /* LICENSE in Resources */ = {isa = PBXBuildFile; fileRef = DA65ECD31F95E68700720673 /* LICENSE */; };
		DA65ED3A1F95EFF000720673 /* Design in Resources */ = {isa = PBXBuildFile; fileRef = DA65ED391F95EFEF00720673 /* Design */; };
		DA65ED3C1F95F74500720673 /* brand.xcassets in Resources */ = {isa = PBXBuildFile; fileRef = DA65ED3B1F95F74500720673 /* brand.xcassets */; };
		DA9E96071F9667DE00538374 /* ArchCreate.swift in Sources */ = {isa = PBXBuildFile; fileRef = DA9E96061F9667DE00538374 /* ArchCreate.swift */; };
		DA9E96091F9667FF00538374 /* ArchPlans.swift in Sources */ = {isa = PBXBuildFile; fileRef = DA9E96081F9667FF00538374 /* ArchPlans.swift */; };
		DA9E960B1F96681B00538374 /* ArchSettings.swift in Sources */ = {isa = PBXBuildFile; fileRef = DA9E960A1F96681B00538374 /* ArchSettings.swift */; };
		DAB2F8ED1F96689B00C1EF4A /* CCreate.swift in Sources */ = {isa = PBXBuildFile; fileRef = DAB2F8EC1F96689B00C1EF4A /* CCreate.swift */; };
		DAB2F8EF1F9668C300C1EF4A /* CPlans.swift in Sources */ = {isa = PBXBuildFile; fileRef = DAB2F8EE1F9668C300C1EF4A /* CPlans.swift */; };
		DAB2F8F11F9668E400C1EF4A /* CSettings.swift in Sources */ = {isa = PBXBuildFile; fileRef = DAB2F8F01F9668E400C1EF4A /* CSettings.swift */; };
		DAB2F8F61F96697300C1EF4A /* MCreate.swift in Sources */ = {isa = PBXBuildFile; fileRef = DAB2F8F51F96697300C1EF4A /* MCreate.swift */; };
		DAB2F8F81F96698F00C1EF4A /* MPlans.swift in Sources */ = {isa = PBXBuildFile; fileRef = DAB2F8F71F96698F00C1EF4A /* MPlans.swift */; };
		DAB2F8FA1F9669B800C1EF4A /* MSettings.swift in Sources */ = {isa = PBXBuildFile; fileRef = DAB2F8F91F9669B800C1EF4A /* MSettings.swift */; };
		DAB2F8FF1F966A1C00C1EF4A /* VCreate.swift in Sources */ = {isa = PBXBuildFile; fileRef = DAB2F8FE1F966A1C00C1EF4A /* VCreate.swift */; };
		DAB2F9011F966A3A00C1EF4A /* VPlans.swift in Sources */ = {isa = PBXBuildFile; fileRef = DAB2F9001F966A3A00C1EF4A /* VPlans.swift */; };
		DAB2F9031F966A5600C1EF4A /* VSettings.swift in Sources */ = {isa = PBXBuildFile; fileRef = DAB2F9021F966A5600C1EF4A /* VSettings.swift */; };
		DADA41F61F96707000DD1FC4 /* MMenuItemCreate.swift in Sources */ = {isa = PBXBuildFile; fileRef = DADA41F51F96707000DD1FC4 /* MMenuItemCreate.swift */; };
		DADA41F81F96709700DD1FC4 /* MMenuItemPlans.swift in Sources */ = {isa = PBXBuildFile; fileRef = DADA41F71F96709700DD1FC4 /* MMenuItemPlans.swift */; };
		DADA41FA1F9670C200DD1FC4 /* MMenuItemSettings.swift in Sources */ = {isa = PBXBuildFile; fileRef = DADA41F91F9670C200DD1FC4 /* MMenuItemSettings.swift */; };
		DADA41FC1F9676E700DD1FC4 /* MCreateStatusProtocol.swift in Sources */ = {isa = PBXBuildFile; fileRef = DADA41FB1F9676E700DD1FC4 /* MCreateStatusProtocol.swift */; };
		DADA41FE1F9679B700DD1FC4 /* MCreateStatusNeedsPermission.swift in Sources */ = {isa = PBXBuildFile; fileRef = DADA41FD1F9679B700DD1FC4 /* MCreateStatusNeedsPermission.swift */; };
		DADA42001F967A0800DD1FC4 /* VCreateStatusNeedsPermission.swift in Sources */ = {isa = PBXBuildFile; fileRef = DADA41FF1F967A0800DD1FC4 /* VCreateStatusNeedsPermission.swift */; };
		DADA42021F967CAB00DD1FC4 /* generic.xcassets in Resources */ = {isa = PBXBuildFile; fileRef = DADA42011F967CAB00DD1FC4 /* generic.xcassets */; };
		DADA42041F9680AE00DD1FC4 /* MCreateLocation.swift in Sources */ = {isa = PBXBuildFile; fileRef = DADA42031F9680AE00DD1FC4 /* MCreateLocation.swift */; };
		DADA42061F96840800DD1FC4 /* VCreateStatusNeedsPermissionContinue.swift in Sources */ = {isa = PBXBuildFile; fileRef = DADA42051F96840800DD1FC4 /* VCreateStatusNeedsPermissionContinue.swift */; };
/* End PBXBuildFile section */

/* Begin PBXFileReference section */
		DA4F09C51F965B8B00AAE279 /* menu.xcassets */ = {isa = PBXFileReference; lastKnownFileType = folder.assetcatalog; path = menu.xcassets; sourceTree = "<group>"; };
		DA65EC3D1F95DFD700720673 /* columbus.app */ = {isa = PBXFileReference; explicitFileType = wrapper.application; includeInIndex = 0; path = columbus.app; sourceTree = BUILT_PRODUCTS_DIR; };
		DA65EC531F95E68600720673 /* README.md */ = {isa = PBXFileReference; fileEncoding = 4; lastKnownFileType = net.daringfireball.markdown; path = README.md; sourceTree = "<group>"; };
		DA65EC551F95E68600720673 /* LaunchScreen.storyboard */ = {isa = PBXFileReference; fileEncoding = 4; lastKnownFileType = file.storyboard; path = LaunchScreen.storyboard; sourceTree = "<group>"; };
		DA65EC561F95E68600720673 /* spinner.xcassets */ = {isa = PBXFileReference; lastKnownFileType = folder.assetcatalog; path = spinner.xcassets; sourceTree = "<group>"; };
		DA65EC591F95E68600720673 /* en */ = {isa = PBXFileReference; lastKnownFileType = text.plist.strings; name = en; path = en.lproj/LocalizableModel.strings; sourceTree = "<group>"; };
		DA65EC5B1F95E68600720673 /* en */ = {isa = PBXFileReference; lastKnownFileType = text.plist.strings; name = en; path = en.lproj/infoPlist.strings; sourceTree = "<group>"; };
		DA65EC5D1F95E68600720673 /* en */ = {isa = PBXFileReference; lastKnownFileType = text.plist.strings; name = en; path = en.lproj/LocalizableView.strings; sourceTree = "<group>"; };
		DA65EC5F1F95E68600720673 /* en */ = {isa = PBXFileReference; lastKnownFileType = text.plist.strings; name = en; path = en.lproj/LocalizableController.strings; sourceTree = "<group>"; };
		DA65EC631F95E68600720673 /* DatabaseFactory.swift */ = {isa = PBXFileReference; fileEncoding = 4; lastKnownFileType = sourcecode.swift; path = DatabaseFactory.swift; sourceTree = "<group>"; };
		DA65EC641F95E68600720673 /* Database.swift */ = {isa = PBXFileReference; fileEncoding = 4; lastKnownFileType = sourcecode.swift; path = Database.swift; sourceTree = "<group>"; };
		DA65EC681F95E68600720673 /* ExtensionDictionary.swift */ = {isa = PBXFileReference; fileEncoding = 4; lastKnownFileType = sourcecode.swift; path = ExtensionDictionary.swift; sourceTree = "<group>"; };
		DA65EC691F95E68600720673 /* ExtensionNotification.swift */ = {isa = PBXFileReference; fileEncoding = 4; lastKnownFileType = sourcecode.swift; path = ExtensionNotification.swift; sourceTree = "<group>"; };
		DA65EC6A1F95E68600720673 /* ExtensionUIColor.swift */ = {isa = PBXFileReference; fileEncoding = 4; lastKnownFileType = sourcecode.swift; path = ExtensionUIColor.swift; sourceTree = "<group>"; };
		DA65EC6B1F95E68600720673 /* ExtensionCGImage.swift */ = {isa = PBXFileReference; fileEncoding = 4; lastKnownFileType = sourcecode.swift; path = ExtensionCGImage.swift; sourceTree = "<group>"; };
		DA65EC6C1F95E68600720673 /* ExtensionFileManager.swift */ = {isa = PBXFileReference; fileEncoding = 4; lastKnownFileType = sourcecode.swift; path = ExtensionFileManager.swift; sourceTree = "<group>"; };
		DA65EC6D1F95E68600720673 /* ExtensionURLResponse.swift */ = {isa = PBXFileReference; fileEncoding = 4; lastKnownFileType = sourcecode.swift; path = ExtensionURLResponse.swift; sourceTree = "<group>"; };
		DA65EC6E1F95E68600720673 /* ExtensionNSLayoutConstraint.swift */ = {isa = PBXFileReference; fileEncoding = 4; lastKnownFileType = sourcecode.swift; path = ExtensionNSLayoutConstraint.swift; sourceTree = "<group>"; };
		DA65EC6F1F95E68600720673 /* ExtensionUIFont.swift */ = {isa = PBXFileReference; fileEncoding = 4; lastKnownFileType = sourcecode.swift; path = ExtensionUIFont.swift; sourceTree = "<group>"; };
		DA65EC701F95E68600720673 /* ExtensionData.swift */ = {isa = PBXFileReference; fileEncoding = 4; lastKnownFileType = sourcecode.swift; path = ExtensionData.swift; sourceTree = "<group>"; };
		DA65EC711F95E68600720673 /* ExtensionNSManagedObject.swift */ = {isa = PBXFileReference; fileEncoding = 4; lastKnownFileType = sourcecode.swift; path = ExtensionNSManagedObject.swift; sourceTree = "<group>"; };
		DA65EC721F95E68600720673 /* ExtensionString.swift */ = {isa = PBXFileReference; fileEncoding = 4; lastKnownFileType = sourcecode.swift; path = ExtensionString.swift; sourceTree = "<group>"; };
		DA65EC731F95E68600720673 /* ExtensionUICollectionReusableView.swift */ = {isa = PBXFileReference; fileEncoding = 4; lastKnownFileType = sourcecode.swift; path = ExtensionUICollectionReusableView.swift; sourceTree = "<group>"; };
		DA65EC741F95E68600720673 /* ExtensionURL.swift */ = {isa = PBXFileReference; fileEncoding = 4; lastKnownFileType = sourcecode.swift; path = ExtensionURL.swift; sourceTree = "<group>"; };
		DA65EC771F95E68600720673 /* Controller.swift */ = {isa = PBXFileReference; fileEncoding = 4; lastKnownFileType = sourcecode.swift; path = Controller.swift; sourceTree = "<group>"; };
		DA65EC781F95E68600720673 /* AppDelegate.swift */ = {isa = PBXFileReference; fileEncoding = 4; lastKnownFileType = sourcecode.swift; path = AppDelegate.swift; sourceTree = "<group>"; };
		DA65EC791F95E68600720673 /* ControllerParentTransitions.swift */ = {isa = PBXFileReference; fileEncoding = 4; lastKnownFileType = sourcecode.swift; path = ControllerParentTransitions.swift; sourceTree = "<group>"; };
		DA65EC7A1F95E68600720673 /* ControllerParent.swift */ = {isa = PBXFileReference; fileEncoding = 4; lastKnownFileType = sourcecode.swift; path = ControllerParent.swift; sourceTree = "<group>"; };
		DA65EC7B1F95E68600720673 /* ControllerParentOrientation.swift */ = {isa = PBXFileReference; fileEncoding = 4; lastKnownFileType = sourcecode.swift; path = ControllerParentOrientation.swift; sourceTree = "<group>"; };
		DA65EC7C1F95E68600720673 /* ControllerParentMenu.swift */ = {isa = PBXFileReference; fileEncoding = 4; lastKnownFileType = sourcecode.swift; path = ControllerParentMenu.swift; sourceTree = "<group>"; };
		DA65EC7E1F95E68600720673 /* CHome.swift */ = {isa = PBXFileReference; fileEncoding = 4; lastKnownFileType = sourcecode.swift; path = CHome.swift; sourceTree = "<group>"; };
		DA65EC801F95E68600720673 /* Arch.swift */ = {isa = PBXFileReference; fileEncoding = 4; lastKnownFileType = sourcecode.swift; path = Arch.swift; sourceTree = "<group>"; };
		DA65EC811F95E68600720673 /* ArchHome.swift */ = {isa = PBXFileReference; fileEncoding = 4; lastKnownFileType = sourcecode.swift; path = ArchHome.swift; sourceTree = "<group>"; };
		DA65EC841F95E68700720673 /* Model.swift */ = {isa = PBXFileReference; fileEncoding = 4; lastKnownFileType = sourcecode.swift; path = Model.swift; sourceTree = "<group>"; };
		DA65EC861F95E68700720673 /* MHome.swift */ = {isa = PBXFileReference; fileEncoding = 4; lastKnownFileType = sourcecode.swift; path = MHome.swift; sourceTree = "<group>"; };
		DA65EC881F95E68700720673 /* MMenuItemHome.swift */ = {isa = PBXFileReference; fileEncoding = 4; lastKnownFileType = sourcecode.swift; path = MMenuItemHome.swift; sourceTree = "<group>"; };
		DA65EC891F95E68700720673 /* MMenuFactory.swift */ = {isa = PBXFileReference; fileEncoding = 4; lastKnownFileType = sourcecode.swift; path = MMenuFactory.swift; sourceTree = "<group>"; };
		DA65EC8A1F95E68700720673 /* MMenu.swift */ = {isa = PBXFileReference; fileEncoding = 4; lastKnownFileType = sourcecode.swift; path = MMenu.swift; sourceTree = "<group>"; };
		DA65EC8B1F95E68700720673 /* MMenuOrder.swift */ = {isa = PBXFileReference; fileEncoding = 4; lastKnownFileType = sourcecode.swift; path = MMenuOrder.swift; sourceTree = "<group>"; };
		DA65EC8C1F95E68700720673 /* MMenuItemProtocol.swift */ = {isa = PBXFileReference; fileEncoding = 4; lastKnownFileType = sourcecode.swift; path = MMenuItemProtocol.swift; sourceTree = "<group>"; };
		DA65EC901F95E68700720673 /* View.swift */ = {isa = PBXFileReference; fileEncoding = 4; lastKnownFileType = sourcecode.swift; path = View.swift; sourceTree = "<group>"; };
		DA65EC911F95E68700720673 /* ViewParent.swift */ = {isa = PBXFileReference; fileEncoding = 4; lastKnownFileType = sourcecode.swift; path = ViewParent.swift; sourceTree = "<group>"; };
		DA65EC921F95E68700720673 /* ViewProtocol.swift */ = {isa = PBXFileReference; fileEncoding = 4; lastKnownFileType = sourcecode.swift; path = ViewProtocol.swift; sourceTree = "<group>"; };
		DA65EC931F95E68700720673 /* ViewParentGesture.swift */ = {isa = PBXFileReference; fileEncoding = 4; lastKnownFileType = sourcecode.swift; path = ViewParentGesture.swift; sourceTree = "<group>"; };
		DA65EC941F95E68700720673 /* ViewMain.swift */ = {isa = PBXFileReference; fileEncoding = 4; lastKnownFileType = sourcecode.swift; path = ViewMain.swift; sourceTree = "<group>"; };
		DA65EC951F95E68700720673 /* ViewParentTransitions.swift */ = {isa = PBXFileReference; fileEncoding = 4; lastKnownFileType = sourcecode.swift; path = ViewParentTransitions.swift; sourceTree = "<group>"; };
		DA65EC971F95E68700720673 /* VMenuCollection.swift */ = {isa = PBXFileReference; fileEncoding = 4; lastKnownFileType = sourcecode.swift; path = VMenuCollection.swift; sourceTree = "<group>"; };
		DA65EC981F95E68700720673 /* VMenuCell.swift */ = {isa = PBXFileReference; fileEncoding = 4; lastKnownFileType = sourcecode.swift; path = VMenuCell.swift; sourceTree = "<group>"; };
		DA65EC991F95E68700720673 /* VMenu.swift */ = {isa = PBXFileReference; fileEncoding = 4; lastKnownFileType = sourcecode.swift; path = VMenu.swift; sourceTree = "<group>"; };
		DA65EC9B1F95E68700720673 /* VHome.swift */ = {isa = PBXFileReference; fileEncoding = 4; lastKnownFileType = sourcecode.swift; path = VHome.swift; sourceTree = "<group>"; };
		DA65ECAF1F95E68700720673 /* VBorder.swift */ = {isa = PBXFileReference; fileEncoding = 4; lastKnownFileType = sourcecode.swift; path = VBorder.swift; sourceTree = "<group>"; };
		DA65ECB01F95E68700720673 /* VSpinner.swift */ = {isa = PBXFileReference; fileEncoding = 4; lastKnownFileType = sourcecode.swift; path = VSpinner.swift; sourceTree = "<group>"; };
		DA65ECB11F95E68700720673 /* VGradient.swift */ = {isa = PBXFileReference; fileEncoding = 4; lastKnownFileType = sourcecode.swift; path = VGradient.swift; sourceTree = "<group>"; };
		DA65ECB21F95E68700720673 /* VSliderBar.swift */ = {isa = PBXFileReference; fileEncoding = 4; lastKnownFileType = sourcecode.swift; path = VSliderBar.swift; sourceTree = "<group>"; };
		DA65ECB31F95E68700720673 /* VSlider.swift */ = {isa = PBXFileReference; fileEncoding = 4; lastKnownFileType = sourcecode.swift; path = VSlider.swift; sourceTree = "<group>"; };
		DA65ECB41F95E68700720673 /* VSliderGesture.swift */ = {isa = PBXFileReference; fileEncoding = 4; lastKnownFileType = sourcecode.swift; path = VSliderGesture.swift; sourceTree = "<group>"; };
		DA65ECB51F95E68700720673 /* VBlur.swift */ = {isa = PBXFileReference; fileEncoding = 4; lastKnownFileType = sourcecode.swift; path = VBlur.swift; sourceTree = "<group>"; };
		DA65ECB61F95E68700720673 /* VCollectionFlow.swift */ = {isa = PBXFileReference; fileEncoding = 4; lastKnownFileType = sourcecode.swift; path = VCollectionFlow.swift; sourceTree = "<group>"; };
		DA65ECB71F95E68700720673 /* VPushBackground.swift */ = {isa = PBXFileReference; fileEncoding = 4; lastKnownFileType = sourcecode.swift; path = VPushBackground.swift; sourceTree = "<group>"; };
		DA65ECB81F95E68700720673 /* VCollection.swift */ = {isa = PBXFileReference; fileEncoding = 4; lastKnownFileType = sourcecode.swift; path = VCollection.swift; sourceTree = "<group>"; };
		DA65ECB91F95E68700720673 /* VAlert.swift */ = {isa = PBXFileReference; fileEncoding = 4; lastKnownFileType = sourcecode.swift; path = VAlert.swift; sourceTree = "<group>"; };
		DA65ECD21F95E68700720673 /* Info.plist */ = {isa = PBXFileReference; fileEncoding = 4; lastKnownFileType = text.plist.xml; path = Info.plist; sourceTree = "<group>"; };
		DA65ECD31F95E68700720673 /* LICENSE */ = {isa = PBXFileReference; fileEncoding = 4; lastKnownFileType = text; path = LICENSE; sourceTree = "<group>"; };
		DA65ED391F95EFEF00720673 /* Design */ = {isa = PBXFileReference; lastKnownFileType = folder; path = Design; sourceTree = "<group>"; };
		DA65ED3B1F95F74500720673 /* brand.xcassets */ = {isa = PBXFileReference; lastKnownFileType = folder.assetcatalog; path = brand.xcassets; sourceTree = "<group>"; };
		DA9E96061F9667DE00538374 /* ArchCreate.swift */ = {isa = PBXFileReference; lastKnownFileType = sourcecode.swift; path = ArchCreate.swift; sourceTree = "<group>"; };
		DA9E96081F9667FF00538374 /* ArchPlans.swift */ = {isa = PBXFileReference; lastKnownFileType = sourcecode.swift; path = ArchPlans.swift; sourceTree = "<group>"; };
		DA9E960A1F96681B00538374 /* ArchSettings.swift */ = {isa = PBXFileReference; lastKnownFileType = sourcecode.swift; path = ArchSettings.swift; sourceTree = "<group>"; };
		DAB2F8EC1F96689B00C1EF4A /* CCreate.swift */ = {isa = PBXFileReference; lastKnownFileType = sourcecode.swift; path = CCreate.swift; sourceTree = "<group>"; };
		DAB2F8EE1F9668C300C1EF4A /* CPlans.swift */ = {isa = PBXFileReference; lastKnownFileType = sourcecode.swift; path = CPlans.swift; sourceTree = "<group>"; };
		DAB2F8F01F9668E400C1EF4A /* CSettings.swift */ = {isa = PBXFileReference; lastKnownFileType = sourcecode.swift; path = CSettings.swift; sourceTree = "<group>"; };
		DAB2F8F51F96697300C1EF4A /* MCreate.swift */ = {isa = PBXFileReference; lastKnownFileType = sourcecode.swift; path = MCreate.swift; sourceTree = "<group>"; };
		DAB2F8F71F96698F00C1EF4A /* MPlans.swift */ = {isa = PBXFileReference; lastKnownFileType = sourcecode.swift; path = MPlans.swift; sourceTree = "<group>"; };
		DAB2F8F91F9669B800C1EF4A /* MSettings.swift */ = {isa = PBXFileReference; lastKnownFileType = sourcecode.swift; path = MSettings.swift; sourceTree = "<group>"; };
		DAB2F8FE1F966A1C00C1EF4A /* VCreate.swift */ = {isa = PBXFileReference; lastKnownFileType = sourcecode.swift; path = VCreate.swift; sourceTree = "<group>"; };
		DAB2F9001F966A3A00C1EF4A /* VPlans.swift */ = {isa = PBXFileReference; lastKnownFileType = sourcecode.swift; path = VPlans.swift; sourceTree = "<group>"; };
		DAB2F9021F966A5600C1EF4A /* VSettings.swift */ = {isa = PBXFileReference; lastKnownFileType = sourcecode.swift; path = VSettings.swift; sourceTree = "<group>"; };
		DADA41F51F96707000DD1FC4 /* MMenuItemCreate.swift */ = {isa = PBXFileReference; lastKnownFileType = sourcecode.swift; path = MMenuItemCreate.swift; sourceTree = "<group>"; };
		DADA41F71F96709700DD1FC4 /* MMenuItemPlans.swift */ = {isa = PBXFileReference; lastKnownFileType = sourcecode.swift; path = MMenuItemPlans.swift; sourceTree = "<group>"; };
		DADA41F91F9670C200DD1FC4 /* MMenuItemSettings.swift */ = {isa = PBXFileReference; lastKnownFileType = sourcecode.swift; path = MMenuItemSettings.swift; sourceTree = "<group>"; };
		DADA41FB1F9676E700DD1FC4 /* MCreateStatusProtocol.swift */ = {isa = PBXFileReference; lastKnownFileType = sourcecode.swift; path = MCreateStatusProtocol.swift; sourceTree = "<group>"; };
		DADA41FD1F9679B700DD1FC4 /* MCreateStatusNeedsPermission.swift */ = {isa = PBXFileReference; lastKnownFileType = sourcecode.swift; path = MCreateStatusNeedsPermission.swift; sourceTree = "<group>"; };
		DADA41FF1F967A0800DD1FC4 /* VCreateStatusNeedsPermission.swift */ = {isa = PBXFileReference; lastKnownFileType = sourcecode.swift; path = VCreateStatusNeedsPermission.swift; sourceTree = "<group>"; };
		DADA42011F967CAB00DD1FC4 /* generic.xcassets */ = {isa = PBXFileReference; lastKnownFileType = folder.assetcatalog; path = generic.xcassets; sourceTree = "<group>"; };
		DADA42031F9680AE00DD1FC4 /* MCreateLocation.swift */ = {isa = PBXFileReference; lastKnownFileType = sourcecode.swift; path = MCreateLocation.swift; sourceTree = "<group>"; };
		DADA42051F96840800DD1FC4 /* VCreateStatusNeedsPermissionContinue.swift */ = {isa = PBXFileReference; lastKnownFileType = sourcecode.swift; path = VCreateStatusNeedsPermissionContinue.swift; sourceTree = "<group>"; };
/* End PBXFileReference section */

/* Begin PBXFrameworksBuildPhase section */
		DA65EC3A1F95DFD700720673 /* Frameworks */ = {
			isa = PBXFrameworksBuildPhase;
			buildActionMask = 2147483647;
			files = (
			);
			runOnlyForDeploymentPostprocessing = 0;
		};
/* End PBXFrameworksBuildPhase section */

/* Begin PBXGroup section */
		DA65EC341F95DFD700720673 = {
			isa = PBXGroup;
			children = (
				DA65ECD31F95E68700720673 /* LICENSE */,
				DA65EC531F95E68600720673 /* README.md */,
				DA65EC601F95E68600720673 /* Source */,
				DA65EC541F95E68600720673 /* Assets */,
				DA65EC571F95E68600720673 /* Resources */,
				DA65ED391F95EFEF00720673 /* Design */,
				DA65EC3E1F95DFD700720673 /* Products */,
			);
			sourceTree = "<group>";
		};
		DA65EC3E1F95DFD700720673 /* Products */ = {
			isa = PBXGroup;
			children = (
				DA65EC3D1F95DFD700720673 /* columbus.app */,
			);
			name = Products;
			sourceTree = "<group>";
		};
		DA65EC541F95E68600720673 /* Assets */ = {
			isa = PBXGroup;
			children = (
				DA65EC551F95E68600720673 /* LaunchScreen.storyboard */,
				DA65EC561F95E68600720673 /* spinner.xcassets */,
				DA65ED3B1F95F74500720673 /* brand.xcassets */,
				DA4F09C51F965B8B00AAE279 /* menu.xcassets */,
				DADA42011F967CAB00DD1FC4 /* generic.xcassets */,
			);
			path = Assets;
			sourceTree = "<group>";
		};
		DA65EC571F95E68600720673 /* Resources */ = {
			isa = PBXGroup;
			children = (
				DA65EC581F95E68600720673 /* LocalizableModel.strings */,
				DA65EC5A1F95E68600720673 /* infoPlist.strings */,
				DA65EC5C1F95E68600720673 /* LocalizableView.strings */,
				DA65EC5E1F95E68600720673 /* LocalizableController.strings */,
			);
			path = Resources;
			sourceTree = "<group>";
		};
		DA65EC601F95E68600720673 /* Source */ = {
			isa = PBXGroup;
			children = (
				DA65EC7F1F95E68600720673 /* Architecture */,
				DA65EC751F95E68600720673 /* Controller */,
				DA65EC821F95E68600720673 /* Model */,
				DA65EC8D1F95E68700720673 /* View */,
				DA65EC611F95E68600720673 /* CoreData */,
				DA65EC671F95E68600720673 /* GenericExtensions */,
				DA65ECD21F95E68700720673 /* Info.plist */,
			);
			path = Source;
			sourceTree = "<group>";
		};
		DA65EC611F95E68600720673 /* CoreData */ = {
			isa = PBXGroup;
			children = (
				DA65EC621F95E68600720673 /* Manager */,
				DA65EC651F95E68600720673 /* Object */,
				DA65EC661F95E68600720673 /* Model */,
			);
			path = CoreData;
			sourceTree = "<group>";
		};
		DA65EC621F95E68600720673 /* Manager */ = {
			isa = PBXGroup;
			children = (
				DA65EC631F95E68600720673 /* DatabaseFactory.swift */,
				DA65EC641F95E68600720673 /* Database.swift */,
			);
			path = Manager;
			sourceTree = "<group>";
		};
		DA65EC651F95E68600720673 /* Object */ = {
			isa = PBXGroup;
			children = (
			);
			path = Object;
			sourceTree = "<group>";
		};
		DA65EC661F95E68600720673 /* Model */ = {
			isa = PBXGroup;
			children = (
			);
			path = Model;
			sourceTree = "<group>";
		};
		DA65EC671F95E68600720673 /* GenericExtensions */ = {
			isa = PBXGroup;
			children = (
				DA65EC681F95E68600720673 /* ExtensionDictionary.swift */,
				DA65EC691F95E68600720673 /* ExtensionNotification.swift */,
				DA65EC6A1F95E68600720673 /* ExtensionUIColor.swift */,
				DA65EC6B1F95E68600720673 /* ExtensionCGImage.swift */,
				DA65EC6C1F95E68600720673 /* ExtensionFileManager.swift */,
				DA65EC6D1F95E68600720673 /* ExtensionURLResponse.swift */,
				DA65EC6E1F95E68600720673 /* ExtensionNSLayoutConstraint.swift */,
				DA65EC6F1F95E68600720673 /* ExtensionUIFont.swift */,
				DA65EC701F95E68600720673 /* ExtensionData.swift */,
				DA65EC711F95E68600720673 /* ExtensionNSManagedObject.swift */,
				DA65EC721F95E68600720673 /* ExtensionString.swift */,
				DA65EC731F95E68600720673 /* ExtensionUICollectionReusableView.swift */,
				DA65EC741F95E68600720673 /* ExtensionURL.swift */,
			);
			path = GenericExtensions;
			sourceTree = "<group>";
		};
		DA65EC751F95E68600720673 /* Controller */ = {
			isa = PBXGroup;
			children = (
				DA65EC761F95E68600720673 /* Abstract */,
				DA65EC7D1F95E68600720673 /* Home */,
				DAB2F8EA1F96687C00C1EF4A /* Create */,
				DAB2F8E91F96687C00C1EF4A /* Plans */,
				DAB2F8EB1F96687C00C1EF4A /* Settings */,
			);
			path = Controller;
			sourceTree = "<group>";
		};
		DA65EC761F95E68600720673 /* Abstract */ = {
			isa = PBXGroup;
			children = (
				DA65EC771F95E68600720673 /* Controller.swift */,
				DA65EC781F95E68600720673 /* AppDelegate.swift */,
				DA65EC791F95E68600720673 /* ControllerParentTransitions.swift */,
				DA65EC7A1F95E68600720673 /* ControllerParent.swift */,
				DA65EC7B1F95E68600720673 /* ControllerParentOrientation.swift */,
				DA65EC7C1F95E68600720673 /* ControllerParentMenu.swift */,
			);
			path = Abstract;
			sourceTree = "<group>";
		};
		DA65EC7D1F95E68600720673 /* Home */ = {
			isa = PBXGroup;
			children = (
				DA65EC7E1F95E68600720673 /* CHome.swift */,
			);
			path = Home;
			sourceTree = "<group>";
		};
		DA65EC7F1F95E68600720673 /* Architecture */ = {
			isa = PBXGroup;
			children = (
				DA65EC801F95E68600720673 /* Arch.swift */,
				DA65EC811F95E68600720673 /* ArchHome.swift */,
				DA9E96061F9667DE00538374 /* ArchCreate.swift */,
				DA9E96081F9667FF00538374 /* ArchPlans.swift */,
				DA9E960A1F96681B00538374 /* ArchSettings.swift */,
			);
			path = Architecture;
			sourceTree = "<group>";
		};
		DA65EC821F95E68600720673 /* Model */ = {
			isa = PBXGroup;
			children = (
				DA65EC831F95E68700720673 /* Abstract */,
				DA65EC871F95E68700720673 /* Menu */,
				DA65EC851F95E68700720673 /* Home */,
				DAB2F8F31F96691D00C1EF4A /* Create */,
				DAB2F8F41F96691D00C1EF4A /* Plans */,
				DAB2F8F21F96691D00C1EF4A /* Settings */,
			);
			path = Model;
			sourceTree = "<group>";
		};
		DA65EC831F95E68700720673 /* Abstract */ = {
			isa = PBXGroup;
			children = (
				DA65EC841F95E68700720673 /* Model.swift */,
			);
			path = Abstract;
			sourceTree = "<group>";
		};
		DA65EC851F95E68700720673 /* Home */ = {
			isa = PBXGroup;
			children = (
				DA65EC861F95E68700720673 /* MHome.swift */,
			);
			path = Home;
			sourceTree = "<group>";
		};
		DA65EC871F95E68700720673 /* Menu */ = {
			isa = PBXGroup;
			children = (
				DA65EC8A1F95E68700720673 /* MMenu.swift */,
				DA65EC891F95E68700720673 /* MMenuFactory.swift */,
				DA65EC8B1F95E68700720673 /* MMenuOrder.swift */,
				DA65EC8C1F95E68700720673 /* MMenuItemProtocol.swift */,
				DA65EC881F95E68700720673 /* MMenuItemHome.swift */,
				DADA41F51F96707000DD1FC4 /* MMenuItemCreate.swift */,
				DADA41F71F96709700DD1FC4 /* MMenuItemPlans.swift */,
				DADA41F91F9670C200DD1FC4 /* MMenuItemSettings.swift */,
			);
			path = Menu;
			sourceTree = "<group>";
		};
		DA65EC8D1F95E68700720673 /* View */ = {
			isa = PBXGroup;
			children = (
				DA65EC8E1F95E68700720673 /* Abstract */,
				DA65ECAD1F95E68700720673 /* Basic */,
				DA65EC9A1F95E68700720673 /* Home */,
				DAB2F8FD1F966A0400C1EF4A /* Create */,
				DAB2F8FC1F966A0400C1EF4A /* Plans */,
				DAB2F8FB1F966A0300C1EF4A /* Settings */,
			);
			path = View;
			sourceTree = "<group>";
		};
		DA65EC8E1F95E68700720673 /* Abstract */ = {
			isa = PBXGroup;
			children = (
				DA65EC8F1F95E68700720673 /* Basic */,
				DA65EC961F95E68700720673 /* Generic */,
			);
			path = Abstract;
			sourceTree = "<group>";
		};
		DA65EC8F1F95E68700720673 /* Basic */ = {
			isa = PBXGroup;
			children = (
				DA65EC901F95E68700720673 /* View.swift */,
				DA65EC911F95E68700720673 /* ViewParent.swift */,
				DA65EC921F95E68700720673 /* ViewProtocol.swift */,
				DA65EC931F95E68700720673 /* ViewParentGesture.swift */,
				DA65EC941F95E68700720673 /* ViewMain.swift */,
				DA65EC951F95E68700720673 /* ViewParentTransitions.swift */,
			);
			path = Basic;
			sourceTree = "<group>";
		};
		DA65EC961F95E68700720673 /* Generic */ = {
			isa = PBXGroup;
			children = (
				DA65EC971F95E68700720673 /* VMenuCollection.swift */,
				DA65EC981F95E68700720673 /* VMenuCell.swift */,
				DA65EC991F95E68700720673 /* VMenu.swift */,
			);
			path = Generic;
			sourceTree = "<group>";
		};
		DA65EC9A1F95E68700720673 /* Home */ = {
			isa = PBXGroup;
			children = (
				DA65EC9B1F95E68700720673 /* VHome.swift */,
			);
			path = Home;
			sourceTree = "<group>";
		};
		DA65ECAD1F95E68700720673 /* Basic */ = {
			isa = PBXGroup;
			children = (
				DA65ECAF1F95E68700720673 /* VBorder.swift */,
				DA65ECB01F95E68700720673 /* VSpinner.swift */,
				DA65ECB11F95E68700720673 /* VGradient.swift */,
				DA65ECB21F95E68700720673 /* VSliderBar.swift */,
				DA65ECB31F95E68700720673 /* VSlider.swift */,
				DA65ECB41F95E68700720673 /* VSliderGesture.swift */,
				DA65ECB51F95E68700720673 /* VBlur.swift */,
				DA65ECB61F95E68700720673 /* VCollectionFlow.swift */,
				DA65ECB71F95E68700720673 /* VPushBackground.swift */,
				DA65ECB81F95E68700720673 /* VCollection.swift */,
				DA65ECB91F95E68700720673 /* VAlert.swift */,
			);
			path = Basic;
			sourceTree = "<group>";
		};
		DAB2F8E91F96687C00C1EF4A /* Plans */ = {
			isa = PBXGroup;
			children = (
				DAB2F8EE1F9668C300C1EF4A /* CPlans.swift */,
			);
			path = Plans;
			sourceTree = "<group>";
		};
		DAB2F8EA1F96687C00C1EF4A /* Create */ = {
			isa = PBXGroup;
			children = (
				DAB2F8EC1F96689B00C1EF4A /* CCreate.swift */,
			);
			path = Create;
			sourceTree = "<group>";
		};
		DAB2F8EB1F96687C00C1EF4A /* Settings */ = {
			isa = PBXGroup;
			children = (
				DAB2F8F01F9668E400C1EF4A /* CSettings.swift */,
			);
			path = Settings;
			sourceTree = "<group>";
		};
		DAB2F8F21F96691D00C1EF4A /* Settings */ = {
			isa = PBXGroup;
			children = (
				DAB2F8F91F9669B800C1EF4A /* MSettings.swift */,
			);
			path = Settings;
			sourceTree = "<group>";
		};
		DAB2F8F31F96691D00C1EF4A /* Create */ = {
			isa = PBXGroup;
			children = (
				DAB2F8F51F96697300C1EF4A /* MCreate.swift */,
				DADA41FB1F9676E700DD1FC4 /* MCreateStatusProtocol.swift */,
				DADA41FD1F9679B700DD1FC4 /* MCreateStatusNeedsPermission.swift */,
				DADA42031F9680AE00DD1FC4 /* MCreateLocation.swift */,
			);
			path = Create;
			sourceTree = "<group>";
		};
		DAB2F8F41F96691D00C1EF4A /* Plans */ = {
			isa = PBXGroup;
			children = (
				DAB2F8F71F96698F00C1EF4A /* MPlans.swift */,
			);
			path = Plans;
			sourceTree = "<group>";
		};
		DAB2F8FB1F966A0300C1EF4A /* Settings */ = {
			isa = PBXGroup;
			children = (
				DAB2F9021F966A5600C1EF4A /* VSettings.swift */,
			);
			path = Settings;
			sourceTree = "<group>";
		};
		DAB2F8FC1F966A0400C1EF4A /* Plans */ = {
			isa = PBXGroup;
			children = (
				DAB2F9001F966A3A00C1EF4A /* VPlans.swift */,
			);
			path = Plans;
			sourceTree = "<group>";
		};
		DAB2F8FD1F966A0400C1EF4A /* Create */ = {
			isa = PBXGroup;
			children = (
				DAB2F8FE1F966A1C00C1EF4A /* VCreate.swift */,
				DADA41FF1F967A0800DD1FC4 /* VCreateStatusNeedsPermission.swift */,
				DADA42051F96840800DD1FC4 /* VCreateStatusNeedsPermissionContinue.swift */,
			);
			path = Create;
			sourceTree = "<group>";
		};
/* End PBXGroup section */

/* Begin PBXNativeTarget section */
		DA65EC3C1F95DFD700720673 /* columbus */ = {
			isa = PBXNativeTarget;
			buildConfigurationList = DA65EC4F1F95DFD700720673 /* Build configuration list for PBXNativeTarget "columbus" */;
			buildPhases = (
				DA65EC391F95DFD700720673 /* Sources */,
				DA65EC3A1F95DFD700720673 /* Frameworks */,
				DA65EC3B1F95DFD700720673 /* Resources */,
			);
			buildRules = (
			);
			dependencies = (
			);
			name = columbus;
			productName = columbus;
			productReference = DA65EC3D1F95DFD700720673 /* columbus.app */;
			productType = "com.apple.product-type.application";
		};
/* End PBXNativeTarget section */

/* Begin PBXProject section */
		DA65EC351F95DFD700720673 /* Project object */ = {
			isa = PBXProject;
			attributes = {
				LastSwiftUpdateCheck = 0900;
				LastUpgradeCheck = 0900;
				ORGANIZATIONNAME = iturbide;
				TargetAttributes = {
					DA65EC3C1F95DFD700720673 = {
						CreatedOnToolsVersion = 9.0.1;
						ProvisioningStyle = Automatic;
					};
				};
			};
			buildConfigurationList = DA65EC381F95DFD700720673 /* Build configuration list for PBXProject "columbus" */;
			compatibilityVersion = "Xcode 8.0";
			developmentRegion = en;
			hasScannedForEncodings = 0;
			knownRegions = (
				en,
			);
			mainGroup = DA65EC341F95DFD700720673;
			productRefGroup = DA65EC3E1F95DFD700720673 /* Products */;
			projectDirPath = "";
			projectRoot = "";
			targets = (
				DA65EC3C1F95DFD700720673 /* columbus */,
			);
		};
/* End PBXProject section */

/* Begin PBXResourcesBuildPhase section */
		DA65EC3B1F95DFD700720673 /* Resources */ = {
			isa = PBXResourcesBuildPhase;
			buildActionMask = 2147483647;
			files = (
				DA4F09C61F965B8B00AAE279 /* menu.xcassets in Resources */,
				DA65ECD41F95E68700720673 /* README.md in Resources */,
				DA65ED3C1F95F74500720673 /* brand.xcassets in Resources */,
				DA65ECD61F95E68700720673 /* spinner.xcassets in Resources */,
				DA65ECDA1F95E68700720673 /* LocalizableController.strings in Resources */,
				DA65ECD91F95E68700720673 /* LocalizableView.strings in Resources */,
				DA65ECD51F95E68700720673 /* LaunchScreen.storyboard in Resources */,
				DA65ED361F95E68700720673 /* LICENSE in Resources */,
				DA65ED3A1F95EFF000720673 /* Design in Resources */,
				DADA42021F967CAB00DD1FC4 /* generic.xcassets in Resources */,
				DA65ECD71F95E68700720673 /* LocalizableModel.strings in Resources */,
				DA65ECD81F95E68700720673 /* infoPlist.strings in Resources */,
			);
			runOnlyForDeploymentPostprocessing = 0;
		};
/* End PBXResourcesBuildPhase section */

/* Begin PBXSourcesBuildPhase section */
		DA65EC391F95DFD700720673 /* Sources */ = {
			isa = PBXSourcesBuildPhase;
			buildActionMask = 2147483647;
			files = (
				DADA42061F96840800DD1FC4 /* VCreateStatusNeedsPermissionContinue.swift in Sources */,
				DA65ECFA1F95E68700720673 /* View.swift in Sources */,
				DA65ED021F95E68700720673 /* VMenu.swift in Sources */,
				DA65ED001F95E68700720673 /* VMenuCollection.swift in Sources */,
				DA65ECF21F95E68700720673 /* ArchHome.swift in Sources */,
				DA65ECF51F95E68700720673 /* MMenuItemHome.swift in Sources */,
				DADA41FE1F9679B700DD1FC4 /* MCreateStatusNeedsPermission.swift in Sources */,
				DADA41FC1F9676E700DD1FC4 /* MCreateStatusProtocol.swift in Sources */,
				DA65ED161F95E68700720673 /* VSpinner.swift in Sources */,
				DAB2F9011F966A3A00C1EF4A /* VPlans.swift in Sources */,
				DA65ED1A1F95E68700720673 /* VSliderGesture.swift in Sources */,
				DA65ECFF1F95E68700720673 /* ViewParentTransitions.swift in Sources */,
				DA65ECF11F95E68700720673 /* Arch.swift in Sources */,
				DA65ECDC1F95E68700720673 /* Database.swift in Sources */,
				DA65ECDB1F95E68700720673 /* DatabaseFactory.swift in Sources */,
				DA65ECF01F95E68700720673 /* CHome.swift in Sources */,
				DA65ECE31F95E68700720673 /* ExtensionNSLayoutConstraint.swift in Sources */,
				DA65ECE11F95E68700720673 /* ExtensionFileManager.swift in Sources */,
				DA65ECEC1F95E68700720673 /* ControllerParentTransitions.swift in Sources */,
				DADA41F81F96709700DD1FC4 /* MMenuItemPlans.swift in Sources */,
				DAB2F8ED1F96689B00C1EF4A /* CCreate.swift in Sources */,
				DAB2F9031F966A5600C1EF4A /* VSettings.swift in Sources */,
				DA9E96071F9667DE00538374 /* ArchCreate.swift in Sources */,
				DA65ECE91F95E68700720673 /* ExtensionURL.swift in Sources */,
				DAB2F8FA1F9669B800C1EF4A /* MSettings.swift in Sources */,
				DA65ECEF1F95E68700720673 /* ControllerParentMenu.swift in Sources */,
				DADA41F61F96707000DD1FC4 /* MMenuItemCreate.swift in Sources */,
				DA65ECF31F95E68700720673 /* Model.swift in Sources */,
				DA65ECDE1F95E68700720673 /* ExtensionNotification.swift in Sources */,
				DAB2F8F61F96697300C1EF4A /* MCreate.swift in Sources */,
				DA65ECE71F95E68700720673 /* ExtensionString.swift in Sources */,
				DA65ED191F95E68700720673 /* VSlider.swift in Sources */,
				DA65ED031F95E68700720673 /* VHome.swift in Sources */,
				DA65ED1C1F95E68700720673 /* VCollectionFlow.swift in Sources */,
				DA65ED1F1F95E68700720673 /* VAlert.swift in Sources */,
				DADA41FA1F9670C200DD1FC4 /* MMenuItemSettings.swift in Sources */,
				DA65ECF71F95E68700720673 /* MMenu.swift in Sources */,
				DA65ECE51F95E68700720673 /* ExtensionData.swift in Sources */,
				DA65ECF61F95E68700720673 /* MMenuFactory.swift in Sources */,
				DA65ECE21F95E68700720673 /* ExtensionURLResponse.swift in Sources */,
				DAB2F8F11F9668E400C1EF4A /* CSettings.swift in Sources */,
				DA65ED1D1F95E68700720673 /* VPushBackground.swift in Sources */,
				DA65ECE61F95E68700720673 /* ExtensionNSManagedObject.swift in Sources */,
				DA65ECE41F95E68700720673 /* ExtensionUIFont.swift in Sources */,
				DADA42001F967A0800DD1FC4 /* VCreateStatusNeedsPermission.swift in Sources */,
				DA9E96091F9667FF00538374 /* ArchPlans.swift in Sources */,
				DA65ED1B1F95E68700720673 /* VBlur.swift in Sources */,
				DA65ED181F95E68700720673 /* VSliderBar.swift in Sources */,
				DA65ECFE1F95E68700720673 /* ViewMain.swift in Sources */,
				DA65ECF91F95E68700720673 /* MMenuItemProtocol.swift in Sources */,
				DA65ECFB1F95E68700720673 /* ViewParent.swift in Sources */,
				DA65ED151F95E68700720673 /* VBorder.swift in Sources */,
				DADA42041F9680AE00DD1FC4 /* MCreateLocation.swift in Sources */,
				DA65ECE01F95E68700720673 /* ExtensionCGImage.swift in Sources */,
				DA65ED1E1F95E68700720673 /* VCollection.swift in Sources */,
				DA65ED171F95E68700720673 /* VGradient.swift in Sources */,
				DA65ECFC1F95E68700720673 /* ViewProtocol.swift in Sources */,
				DA65ECDF1F95E68700720673 /* ExtensionUIColor.swift in Sources */,
				DA65ECEE1F95E68700720673 /* ControllerParentOrientation.swift in Sources */,
				DA65ECED1F95E68700720673 /* ControllerParent.swift in Sources */,
				DA65ECDD1F95E68700720673 /* ExtensionDictionary.swift in Sources */,
				DA65ED011F95E68700720673 /* VMenuCell.swift in Sources */,
				DAB2F8FF1F966A1C00C1EF4A /* VCreate.swift in Sources */,
				DA65ECF41F95E68700720673 /* MHome.swift in Sources */,
				DA65ECE81F95E68700720673 /* ExtensionUICollectionReusableView.swift in Sources */,
				DA65ECF81F95E68700720673 /* MMenuOrder.swift in Sources */,
				DAB2F8F81F96698F00C1EF4A /* MPlans.swift in Sources */,
				DA65ECFD1F95E68700720673 /* ViewParentGesture.swift in Sources */,
				DAB2F8EF1F9668C300C1EF4A /* CPlans.swift in Sources */,
				DA9E960B1F96681B00538374 /* ArchSettings.swift in Sources */,
				DA65ECEB1F95E68700720673 /* AppDelegate.swift in Sources */,
				DA65ECEA1F95E68700720673 /* Controller.swift in Sources */,
			);
			runOnlyForDeploymentPostprocessing = 0;
		};
/* End PBXSourcesBuildPhase section */

/* Begin PBXVariantGroup section */
		DA65EC581F95E68600720673 /* LocalizableModel.strings */ = {
			isa = PBXVariantGroup;
			children = (
				DA65EC591F95E68600720673 /* en */,
			);
			name = LocalizableModel.strings;
			sourceTree = "<group>";
		};
		DA65EC5A1F95E68600720673 /* infoPlist.strings */ = {
			isa = PBXVariantGroup;
			children = (
				DA65EC5B1F95E68600720673 /* en */,
			);
			name = infoPlist.strings;
			sourceTree = "<group>";
		};
		DA65EC5C1F95E68600720673 /* LocalizableView.strings */ = {
			isa = PBXVariantGroup;
			children = (
				DA65EC5D1F95E68600720673 /* en */,
			);
			name = LocalizableView.strings;
			sourceTree = "<group>";
		};
		DA65EC5E1F95E68600720673 /* LocalizableController.strings */ = {
			isa = PBXVariantGroup;
			children = (
				DA65EC5F1F95E68600720673 /* en */,
			);
			name = LocalizableController.strings;
			sourceTree = "<group>";
		};
/* End PBXVariantGroup section */

/* Begin XCBuildConfiguration section */
		DA65EC4D1F95DFD700720673 /* Debug */ = {
			isa = XCBuildConfiguration;
			buildSettings = {
				ALWAYS_SEARCH_USER_PATHS = NO;
				CLANG_ANALYZER_NONNULL = YES;
				CLANG_ANALYZER_NUMBER_OBJECT_CONVERSION = YES_AGGRESSIVE;
				CLANG_CXX_LANGUAGE_STANDARD = "gnu++14";
				CLANG_CXX_LIBRARY = "libc++";
				CLANG_ENABLE_MODULES = NO;
				CLANG_ENABLE_OBJC_ARC = YES;
				CLANG_WARN_BLOCK_CAPTURE_AUTORELEASING = YES;
				CLANG_WARN_BOOL_CONVERSION = YES;
				CLANG_WARN_COMMA = YES;
				CLANG_WARN_CONSTANT_CONVERSION = YES;
				CLANG_WARN_DIRECT_OBJC_ISA_USAGE = YES_ERROR;
				CLANG_WARN_DOCUMENTATION_COMMENTS = YES;
				CLANG_WARN_EMPTY_BODY = YES;
				CLANG_WARN_ENUM_CONVERSION = YES;
				CLANG_WARN_INFINITE_RECURSION = YES;
				CLANG_WARN_INT_CONVERSION = YES;
				CLANG_WARN_NON_LITERAL_NULL_CONVERSION = YES;
				CLANG_WARN_OBJC_LITERAL_CONVERSION = YES;
				CLANG_WARN_OBJC_ROOT_CLASS = YES_ERROR;
				CLANG_WARN_RANGE_LOOP_ANALYSIS = YES;
				CLANG_WARN_STRICT_PROTOTYPES = YES;
				CLANG_WARN_SUSPICIOUS_MOVE = YES;
				CLANG_WARN_UNGUARDED_AVAILABILITY = YES_AGGRESSIVE;
				CLANG_WARN_UNREACHABLE_CODE = YES;
				CLANG_WARN__DUPLICATE_METHOD_MATCH = YES;
				CODE_SIGN_IDENTITY = "iPhone Developer";
				COPY_PHASE_STRIP = NO;
				DEBUG_INFORMATION_FORMAT = dwarf;
				ENABLE_STRICT_OBJC_MSGSEND = YES;
				ENABLE_TESTABILITY = YES;
				GCC_C_LANGUAGE_STANDARD = gnu11;
				GCC_DYNAMIC_NO_PIC = NO;
				GCC_NO_COMMON_BLOCKS = YES;
				GCC_OPTIMIZATION_LEVEL = 0;
				GCC_PREPROCESSOR_DEFINITIONS = (
					"DEBUG=1",
					"$(inherited)",
				);
				GCC_WARN_64_TO_32_BIT_CONVERSION = YES;
				GCC_WARN_ABOUT_RETURN_TYPE = YES_ERROR;
				GCC_WARN_UNDECLARED_SELECTOR = YES;
				GCC_WARN_UNINITIALIZED_AUTOS = YES_AGGRESSIVE;
				GCC_WARN_UNUSED_FUNCTION = YES;
				GCC_WARN_UNUSED_VARIABLE = YES;
				IPHONEOS_DEPLOYMENT_TARGET = 9.0;
				MTL_ENABLE_DEBUG_INFO = YES;
				ONLY_ACTIVE_ARCH = YES;
				SDKROOT = iphoneos;
				SWIFT_ACTIVE_COMPILATION_CONDITIONS = DEBUG;
				SWIFT_INSTALL_OBJC_HEADER = NO;
				SWIFT_OPTIMIZATION_LEVEL = "-Onone";
				SWIFT_PRECOMPILE_BRIDGING_HEADER = NO;
			};
			name = Debug;
		};
		DA65EC4E1F95DFD700720673 /* Release */ = {
			isa = XCBuildConfiguration;
			buildSettings = {
				ALWAYS_SEARCH_USER_PATHS = NO;
				CLANG_ANALYZER_NONNULL = YES;
				CLANG_ANALYZER_NUMBER_OBJECT_CONVERSION = YES_AGGRESSIVE;
				CLANG_CXX_LANGUAGE_STANDARD = "gnu++14";
				CLANG_CXX_LIBRARY = "libc++";
				CLANG_ENABLE_MODULES = NO;
				CLANG_ENABLE_OBJC_ARC = YES;
				CLANG_WARN_BLOCK_CAPTURE_AUTORELEASING = YES;
				CLANG_WARN_BOOL_CONVERSION = YES;
				CLANG_WARN_COMMA = YES;
				CLANG_WARN_CONSTANT_CONVERSION = YES;
				CLANG_WARN_DIRECT_OBJC_ISA_USAGE = YES_ERROR;
				CLANG_WARN_DOCUMENTATION_COMMENTS = YES;
				CLANG_WARN_EMPTY_BODY = YES;
				CLANG_WARN_ENUM_CONVERSION = YES;
				CLANG_WARN_INFINITE_RECURSION = YES;
				CLANG_WARN_INT_CONVERSION = YES;
				CLANG_WARN_NON_LITERAL_NULL_CONVERSION = YES;
				CLANG_WARN_OBJC_LITERAL_CONVERSION = YES;
				CLANG_WARN_OBJC_ROOT_CLASS = YES_ERROR;
				CLANG_WARN_RANGE_LOOP_ANALYSIS = YES;
				CLANG_WARN_STRICT_PROTOTYPES = YES;
				CLANG_WARN_SUSPICIOUS_MOVE = YES;
				CLANG_WARN_UNGUARDED_AVAILABILITY = YES_AGGRESSIVE;
				CLANG_WARN_UNREACHABLE_CODE = YES;
				CLANG_WARN__DUPLICATE_METHOD_MATCH = YES;
				CODE_SIGN_IDENTITY = "iPhone Developer";
				COPY_PHASE_STRIP = NO;
				DEBUG_INFORMATION_FORMAT = "dwarf-with-dsym";
				ENABLE_NS_ASSERTIONS = NO;
				ENABLE_STRICT_OBJC_MSGSEND = YES;
				GCC_C_LANGUAGE_STANDARD = gnu11;
				GCC_NO_COMMON_BLOCKS = YES;
				GCC_WARN_64_TO_32_BIT_CONVERSION = YES;
				GCC_WARN_ABOUT_RETURN_TYPE = YES_ERROR;
				GCC_WARN_UNDECLARED_SELECTOR = YES;
				GCC_WARN_UNINITIALIZED_AUTOS = YES_AGGRESSIVE;
				GCC_WARN_UNUSED_FUNCTION = YES;
				GCC_WARN_UNUSED_VARIABLE = YES;
				IPHONEOS_DEPLOYMENT_TARGET = 9.0;
				MTL_ENABLE_DEBUG_INFO = NO;
				SDKROOT = iphoneos;
				SWIFT_INSTALL_OBJC_HEADER = NO;
				SWIFT_OPTIMIZATION_LEVEL = "-Owholemodule";
				SWIFT_PRECOMPILE_BRIDGING_HEADER = NO;
				VALIDATE_PRODUCT = YES;
			};
			name = Release;
		};
		DA65EC501F95DFD700720673 /* Debug */ = {
			isa = XCBuildConfiguration;
			buildSettings = {
				ASSETCATALOG_COMPILER_APPICON_NAME = AppIcon;
				CODE_SIGN_STYLE = Automatic;
				DEVELOPMENT_TEAM = 7AMWG3RLHN;
				INFOPLIST_FILE = "$(SRCROOT)/Source/Info.plist";
				LD_RUNPATH_SEARCH_PATHS = "$(inherited) @executable_path/Frameworks";
				PRODUCT_BUNDLE_IDENTIFIER = iturbide.columbus;
				PRODUCT_NAME = "$(TARGET_NAME)";
				SWIFT_VERSION = 4.0;
				TARGETED_DEVICE_FAMILY = "1,2";
			};
			name = Debug;
		};
		DA65EC511F95DFD700720673 /* Release */ = {
			isa = XCBuildConfiguration;
			buildSettings = {
				ASSETCATALOG_COMPILER_APPICON_NAME = AppIcon;
				CODE_SIGN_STYLE = Automatic;
				DEVELOPMENT_TEAM = 7AMWG3RLHN;
				INFOPLIST_FILE = "$(SRCROOT)/Source/Info.plist";
				LD_RUNPATH_SEARCH_PATHS = "$(inherited) @executable_path/Frameworks";
				PRODUCT_BUNDLE_IDENTIFIER = iturbide.columbus;
				PRODUCT_NAME = "$(TARGET_NAME)";
				SWIFT_VERSION = 4.0;
				TARGETED_DEVICE_FAMILY = "1,2";
			};
			name = Release;
		};
/* End XCBuildConfiguration section */

/* Begin XCConfigurationList section */
		DA65EC381F95DFD700720673 /* Build configuration list for PBXProject "columbus" */ = {
			isa = XCConfigurationList;
			buildConfigurations = (
				DA65EC4D1F95DFD700720673 /* Debug */,
				DA65EC4E1F95DFD700720673 /* Release */,
			);
			defaultConfigurationIsVisible = 0;
			defaultConfigurationName = Release;
		};
		DA65EC4F1F95DFD700720673 /* Build configuration list for PBXNativeTarget "columbus" */ = {
			isa = XCConfigurationList;
			buildConfigurations = (
				DA65EC501F95DFD700720673 /* Debug */,
				DA65EC511F95DFD700720673 /* Release */,
			);
			defaultConfigurationIsVisible = 0;
			defaultConfigurationName = Release;
		};
/* End XCConfigurationList section */
	};
	rootObject = DA65EC351F95DFD700720673 /* Project object */;
}
